
Microsoft Visual Studio Solution File, Format Version 12.00
# Visual Studio 15
VisualStudioVersion = 15.0.28306.52
MinimumVisualStudioVersion = 10.0.40219.1
Project("{FAE04EC0-301F-11D3-BF4B-00C04F79EFBC}") = "Prueba1", "Prueba1\Prueba1.csproj", "{AA0CA878-2AF4-49AE-8EB6-E5F3656E4E00}"
EndProject
Global
	GlobalSection(SolutionConfigurationPlatforms) = preSolution
		Debug|Any CPU = Debug|Any CPU
		Release|Any CPU = Release|Any CPU
	EndGlobalSection
	GlobalSection(ProjectConfigurationPlatforms) = postSolution
		{AA0CA878-2AF4-49AE-8EB6-E5F3656E4E00}.Debug|Any CPU.ActiveCfg = Debug|Any CPU
		{AA0CA878-2AF4-49AE-8EB6-E5F3656E4E00}.Debug|Any CPU.Build.0 = Debug|Any CPU
		{AA0CA878-2AF4-49AE-8EB6-E5F3656E4E00}.Release|Any CPU.ActiveCfg = Release|Any CPU
		{AA0CA878-2AF4-49AE-8EB6-E5F3656E4E00}.Release|Any CPU.Build.0 = Release|Any CPU
	EndGlobalSection
	GlobalSection(SolutionProperties) = preSolution
		HideSolutionNode = FALSE
	EndGlobalSection
	GlobalSection(ExtensibilityGlobals) = postSolution
		SolutionGuid = {B66E34B9-3319-4891-8ADC-161AA86A5186}
	EndGlobalSection
EndGlobal
